{
  "name": "asha-demo",
  "version": "0.1.0",
  "lockfileVersion": 3,
  "requires": true,
  "packages": {
    "": {
      "name": "asha-demo",
      "version": "0.1.0",
      "dependencies": {
        "@asha/contracts": "file:../asha-engine/ts/packages/contracts",
        "@asha/devtools": "file:../asha-engine/ts/packages/devtools",
        "@asha/game-workspace": "file:../asha-engine/ts/packages/game-workspace",
        "@asha/runtime-bridge": "file:../asha-engine/ts/packages/runtime-bridge"
      }
    },
    "../asha-engine/ts/packages/contracts": {
      "name": "@asha/contracts",
      "version": "0.1.0"
    },
    "../asha-engine/ts/packages/devtools": {
      "name": "@asha/devtools",
      "version": "0.1.0",
      "dependencies": {
        "@asha/contracts": "workspace:*",
        "@asha/editor-tools": "workspace:*",
        "@asha/runtime-bridge": "workspace:*"
      }
    },
    "../asha-engine/ts/packages/game-workspace": {
      "name": "@asha/game-workspace",
      "version": "0.1.0"
    },
    "../asha-engine/ts/packages/runtime-bridge": {
      "name": "@asha/runtime-bridge",
      "version": "0.1.0",
      "dependencies": {
        "@asha/contracts": "workspace:*",
        "@asha/native-bridge": "workspace:*"
      }
    },
    "node_modules/@asha/contracts": {
      "resolved": "../asha-engine/ts/packages/contracts",
      "link": true
    },
    "node_modules/@asha/devtools": {
      "resolved": "../asha-engine/ts/packages/devtools",
      "link": true
    },
    "node_modules/@asha/game-workspace": {
      "resolved": "../asha-engine/ts/packages/game-workspace",
      "link": true
    },
    "node_modules/@asha/runtime-bridge": {
      "resolved": "../asha-engine/ts/packages/runtime-bridge",
      "link": true
    }
  }
}
